{
  "name": "yeknal",
  "version": "1.0.2",
  "lockfileVersion": 3,
  "requires": true,
  "packages": {
    "": {
      "name": "yeknal",
      "version": "1.0.2",
      "license": "ISC",
      "dependencies": {
        "secure-repo": "^1.3.1"
      },
      "bin": {
        "yeknal": "bin/yeknal.js"
      }
    },
    "node_modules/secure-repo": {
      "version": "1.3.1",
      "resolved": "https://registry.npmjs.org/secure-repo/-/secure-repo-1.3.1.tgz",
      "integrity": "sha512-ehDY8pcbCKe0KmWN39Ew7TxBoCjxDFd+Mba0mITO7LkFnIgs59/Ggfvja5awJfttxRd8V6Y6NS4LvPF+ok0xug==",
      "license": "MIT",
      "bin": {
        "secure-repo": "bin/cli.js"
      },
      "engines": {
        "node": ">=16"
      }
    }
  }
}
